{
  "version": 4,
  "terraform_version": "1.1.5",
  "serial": 3,
  "lineage": "01793082-264a-92c6-0466-853026531f4d",
  "outputs": {},
  "resources": [
    {
      "mode": "managed",
      "type": "aws_s3_bucket",
      "name": "id_name",
      "provider": "provider[\"registry.terraform.io/hashicorp/aws\"]",
      "instances": [
        {
          "schema_version": 0,
          "attributes": {
            "acceleration_status": "",
            "acl": "private",
            "arn": "arn:aws:s3:::cerofrais-testing-bucket-25-2-2020",
            "bucket": "cerofrais-testing-bucket-25-2-2020",
            "bucket_domain_name": "cerofrais-testing-bucket-25-2-2020.s3.amazonaws.com",
            "bucket_prefix": null,
            "bucket_regional_domain_name": "cerofrais-testing-bucket-25-2-2020.s3.us-east-2.amazonaws.com",
            "cors_rule": [],
            "force_destroy": false,
            "grant": [],
            "hosted_zone_id": "Z2O1EMRO9K5GLX",
            "id": "cerofrais-testing-bucket-25-2-2020",
            "lifecycle_rule": [],
            "logging": [],
            "object_lock_configuration": [],
            "policy": "",
            "region": "us-east-2",
            "replication_configuration": [],
            "request_payer": "BucketOwner",
            "server_side_encryption_configuration": [],
            "tags": {
              "Environment": "s3",
              "Name": "cerofrais s3 bucket"
            },
            "tags_all": {
              "Environment": "s3",
              "Name": "cerofrais s3 bucket"
            },
            "versioning": [
              {
                "enabled": false,
                "mfa_delete": false
              }
            ],
            "website": [],
            "website_domain": null,
            "website_endpoint": null
          },
          "sensitive_attributes": [],
          "private": "bnVsbA=="
        }
      ]
    }
  ]
}
